// !$*UTF8*$!
{
	archiveVersion = 1;
	classes = {
	};
	objectVersion = 46;
	objects = {

/* Begin PBXBuildFile section */
		D2EC3B071AF67AD0001A8F14 /* AppDelegate.swift in Sources */ = {isa = PBXBuildFile; fileRef = D2EC3B061AF67AD0001A8F14 /* AppDelegate.swift */; };
		D2EC3B091AF67AD0001A8F14 /* Images.xcassets in Resources */ = {isa = PBXBuildFile; fileRef = D2EC3B081AF67AD0001A8F14 /* Images.xcassets */; };
		D2EC3B0C1AF67AD0001A8F14 /* MainMenu.xib in Resources */ = {isa = PBXBuildFile; fileRef = D2EC3B0A1AF67AD0001A8F14 /* MainMenu.xib */; };
		D2EC3B181AF67AD0001A8F14 /* MacMenubarAppTests.swift in Sources */ = {isa = PBXBuildFile; fileRef = D2EC3B171AF67AD0001A8F14 /* MacMenubarAppTests.swift */; };
/* End PBXBuildFile section */

/* Begin PBXContainerItemProxy section */
		D2EC3B121AF67AD0001A8F14 /* PBXContainerItemProxy */ = {
			isa = PBXContainerItemProxy;
			containerPortal = D2EC3AF91AF67AD0001A8F14 /* Project object */;
			proxyType = 1;
			remoteGlobalIDString = D2EC3B001AF67AD0001A8F14;
			remoteInfo = MacMenubarApp;
		};
/* End PBXContainerItemProxy section */

/* Begin PBXFileReference section */
		D2EC3B011AF67AD0001A8F14 /* MacMenubarApp.app */ = {isa = PBXFileReference; explicitFileType = wrapper.application; includeInIndex = 0; path = MacMenubarApp.app; sourceTree = BUILT_PRODUCTS_DIR; };
		D2EC3B051AF67AD0001A8F14 /* Info.plist */ = {isa = PBXFileReference; lastKnownFileType = text.plist.xml; path = Info.plist; sourceTree = "<group>"; };
		D2EC3B061AF67AD0001A8F14 /* AppDelegate.swift */ = {isa = PBXFileReference; lastKnownFileType = sourcecode.swift; path = AppDelegate.swift; sourceTree = "<group>"; };
		D2EC3B081AF67AD0001A8F14 /* Images.xcassets */ = {isa = PBXFileReference; lastKnownFileType = folder.assetcatalog; path = Images.xcassets; sourceTree = "<group>"; };
		D2EC3B0B1AF67AD0001A8F14 /* Base */ = {isa = PBXFileReference; lastKnownFileType = file.xib; name = Base; path = Base.lproj/MainMenu.xib; sourceTree = "<group>"; };
		D2EC3B111AF67AD0001A8F14 /* MacMenubarAppTests.xctest */ = {isa = PBXFileReference; explicitFileType = wrapper.cfbundle; includeInIndex = 0; path = MacMenubarAppTests.xctest; sourceTree = BUILT_PRODUCTS_DIR; };
		D2EC3B161AF67AD0001A8F14 /* Info.plist */ = {isa = PBXFileReference; lastKnownFileType = text.plist.xml; path = Info.plist; sourceTree = "<group>"; };
		D2EC3B171AF67AD0001A8F14 /* MacMenubarAppTests.swift */ = {isa = PBXFileReference; lastKnownFileType = sourcecode.swift; path = MacMenubarAppTests.swift; sourceTree = "<group>"; };
/* End PBXFileReference section */

/* Begin PBXFrameworksBuildPhase section */
		D2EC3AFE1AF67AD0001A8F14 /* Frameworks */ = {
			isa = PBXFrameworksBuildPhase;
			buildActionMask = 2147483647;
			files = (
			);
			runOnlyForDeploymentPostprocessing = 0;
		};
		D2EC3B0E1AF67AD0001A8F14 /* Frameworks */ = {
			isa = PBXFrameworksBuildPhase;
			buildActionMask = 2147483647;
			files = (
			);
			runOnlyForDeploymentPostprocessing = 0;
		};
/* End PBXFrameworksBuildPhase section */

/* Begin PBXGroup section */
		D2EC3AF81AF67AD0001A8F14 = {
			isa = PBXGroup;
			children = (
				D2EC3B031AF67AD0001A8F14 /* MacMenubarApp */,
				D2EC3B141AF67AD0001A8F14 /* MacMenubarAppTests */,
				D2EC3B021AF67AD0001A8F14 /* Products */,
			);
			sourceTree = "<group>";
		};
		D2EC3B021AF67AD0001A8F14 /* Products */ = {
			isa = PBXGroup;
			children = (
				D2EC3B011AF67AD0001A8F14 /* MacMenubarApp.app */,
				D2EC3B111AF67AD0001A8F14 /* MacMenubarAppTests.xctest */,
			);
			name = Products;
			sourceTree = "<group>";
		};
		D2EC3B031AF67AD0001A8F14 /* MacMenubarApp */ = {
			isa = PBXGroup;
			children = (
				D2EC3B061AF67AD0001A8F14 /* AppDelegate.swift */,
				D2EC3B081AF67AD0001A8F14 /* Images.xcassets */,
				D2EC3B0A1AF67AD0001A8F14 /* MainMenu.xib */,
				D2EC3B041AF67AD0001A8F14 /* Supporting Files */,
			);
			path = MacMenubarApp;
			sourceTree = "<group>";
		};
		D2EC3B041AF67AD0001A8F14 /* Supporting Files */ = {
			isa = PBXGroup;
			children = (
				D2EC3B051AF67AD0001A8F14 /* Info.plist */,
			);
			name = "Supporting Files";
			sourceTree = "<group>";
		};
		D2EC3B141AF67AD0001A8F14 /* MacMenubarAppTests */ = {
			isa = PBXGroup;
			children = (
				D2EC3B171AF67AD0001A8F14 /* MacMenubarAppTests.swift */,
				D2EC3B151AF67AD0001A8F14 /* Supporting Files */,
			);
			path = MacMenubarAppTests;
			sourceTree = "<group>";
		};
		D2EC3B151AF67AD0001A8F14 /* Supporting Files */ = {
			isa = PBXGroup;
			children = (
				D2EC3B161AF67AD0001A8F14 /* Info.plist */,
			);
			name = "Supporting Files";
			sourceTree = "<group>";
		};
/* End PBXGroup section */

/* Begin PBXNativeTarget section */
		D2EC3B001AF67AD0001A8F14 /* MacMenubarApp */ = {
			isa = PBXNativeTarget;
			buildConfigurationList = D2EC3B1B1AF67AD0001A8F14 /* Build configuration list for PBXNativeTarget "MacMenubarApp" */;
			buildPhases = (
				D2EC3AFD1AF67AD0001A8F14 /* Sources */,
				D2EC3AFE1AF67AD0001A8F14 /* Frameworks */,
				D2EC3AFF1AF67AD0001A8F14 /* Resources */,
			);
			buildRules = (
			);
			dependencies = (
			);
			name = MacMenubarApp;
			productName = MacMenubarApp;
			productReference = D2EC3B011AF67AD0001A8F14 /* MacMenubarApp.app */;
			productType = "com.apple.product-type.application";
		};
		D2EC3B101AF67AD0001A8F14 /* MacMenubarAppTests */ = {
			isa = PBXNativeTarget;
			buildConfigurationList = D2EC3B1E1AF67AD0001A8F14 /* Build configuration list for PBXNativeTarget "MacMenubarAppTests" */;
			buildPhases = (
				D2EC3B0D1AF67AD0001A8F14 /* Sources */,
				D2EC3B0E1AF67AD0001A8F14 /* Frameworks */,
				D2EC3B0F1AF67AD0001A8F14 /* Resources */,
			);
			buildRules = (
			);
			dependencies = (
				D2EC3B131AF67AD0001A8F14 /* PBXTargetDependency */,
			);
			name = MacMenubarAppTests;
			productName = MacMenubarAppTests;
			productReference = D2EC3B111AF67AD0001A8F14 /* MacMenubarAppTests.xctest */;
			productType = "com.apple.product-type.bundle.unit-test";
		};
/* End PBXNativeTarget section */

/* Begin PBXProject section */
		D2EC3AF91AF67AD0001A8F14 /* Project object */ = {
			isa = PBXProject;
			attributes = {
				LastUpgradeCheck = 0630;
				ORGANIZATIONNAME = "Alessandro Iori";
				TargetAttributes = {
					D2EC3B001AF67AD0001A8F14 = {
						CreatedOnToolsVersion = 6.3.1;
					};
					D2EC3B101AF67AD0001A8F14 = {
						CreatedOnToolsVersion = 6.3.1;
						TestTargetID = D2EC3B001AF67AD0001A8F14;
					};
				};
			};
			buildConfigurationList = D2EC3AFC1AF67AD0001A8F14 /* Build configuration list for PBXProject "MacMenubarApp" */;
			compatibilityVersion = "Xcode 3.2";
			developmentRegion = English;
			hasScannedForEncodings = 0;
			knownRegions = (
				en,
				Base,
			);
			mainGroup = D2EC3AF81AF67AD0001A8F14;
			productRefGroup = D2EC3B021AF67AD0001A8F14 /* Products */;
			projectDirPath = "";
			projectRoot = "";
			targets = (
				D2EC3B001AF67AD0001A8F14 /* MacMenubarApp */,
				D2EC3B101AF67AD0001A8F14 /* MacMenubarAppTests */,
			);
		};
/* End PBXProject section */

/* Begin PBXResourcesBuildPhase section */
		D2EC3AFF1AF67AD0001A8F14 /* Resources */ = {
			isa = PBXResourcesBuildPhase;
			buildActionMask = 2147483647;
			files = (
				D2EC3B091AF67AD0001A8F14 /* Images.xcassets in Resources */,
				D2EC3B0C1AF67AD0001A8F14 /* MainMenu.xib in Resources */,
			);
			runOnlyForDeploymentPostprocessing = 0;
		};
		D2EC3B0F1AF67AD0001A8F14 /* Resources */ = {
			isa = PBXResourcesBuildPhase;
			buildActionMask = 2147483647;
			files = (
			);
			runOnlyForDeploymentPostprocessing = 0;
		};
/* End PBXResourcesBuildPhase section */

/* Begin PBXSourcesBuildPhase section */
		D2EC3AFD1AF67AD0001A8F14 /* Sources */ = {
			isa = PBXSourcesBuildPhase;
			buildActionMask = 2147483647;
			files = (
				D2EC3B071AF67AD0001A8F14 /* AppDelegate.swift in Sources */,
			);
			runOnlyForDeploymentPostprocessing = 0;
		};
		D2EC3B0D1AF67AD0001A8F14 /* Sources */ = {
			isa = PBXSourcesBuildPhase;
			buildActionMask = 2147483647;
			files = (
				D2EC3B181AF67AD0001A8F14 /* MacMenubarAppTests.swift in Sources */,
			);
			runOnlyForDeploymentPostprocessing = 0;
		};
/* End PBXSourcesBuildPhase section */

/* Begin PBXTargetDependency section */
		D2EC3B131AF67AD0001A8F14 /* PBXTargetDependency */ = {
			isa = PBXTargetDependency;
			target = D2EC3B001AF67AD0001A8F14 /* MacMenubarApp */;
			targetProxy = D2EC3B121AF67AD0001A8F14 /* PBXContainerItemProxy */;
		};
/* End PBXTargetDependency section */

/* Begin PBXVariantGroup section */
		D2EC3B0A1AF67AD0001A8F14 /* MainMenu.xib */ = {
			isa = PBXVariantGroup;
			children = (
				D2EC3B0B1AF67AD0001A8F14 /* Base */,
			);
			name = MainMenu.xib;
			sourceTree = "<group>";
		};
/* End PBXVariantGroup section */

/* Begin XCBuildConfiguration section */
		D2EC3B191AF67AD0001A8F14 /* Debug */ = {
			isa = XCBuildConfiguration;
			buildSettings = {
				ALWAYS_SEARCH_USER_PATHS = NO;
				CLANG_CXX_LANGUAGE_STANDARD = "gnu++0x";
				CLANG_CXX_LIBRARY = "libc++";
				CLANG_ENABLE_MODULES = YES;
				CLANG_ENABLE_OBJC_ARC = YES;
				CLANG_WARN_BOOL_CONVERSION = YES;
				CLANG_WARN_CONSTANT_CONVERSION = YES;
				CLANG_WARN_DIRECT_OBJC_ISA_USAGE = YES_ERROR;
				CLANG_WARN_EMPTY_BODY = YES;
				CLANG_WARN_ENUM_CONVERSION = YES;
				CLANG_WARN_INT_CONVERSION = YES;
				CLANG_WARN_OBJC_ROOT_CLASS = YES_ERROR;
				CLANG_WARN_UNREACHABLE_CODE = YES;
				CLANG_WARN__DUPLICATE_METHOD_MATCH = YES;
				CODE_SIGN_IDENTITY = "-";
				COPY_PHASE_STRIP = NO;
				DEBUG_INFORMATION_FORMAT = dwarf;
				ENABLE_STRICT_OBJC_MSGSEND = YES;
				GCC_C_LANGUAGE_STANDARD = gnu99;
				GCC_DYNAMIC_NO_PIC = NO;
				GCC_NO_COMMON_BLOCKS = YES;
				GCC_OPTIMIZATION_LEVEL = 0;
				GCC_PREPROCESSOR_DEFINITIONS = (
					"DEBUG=1",
					"$(inherited)",
				);
				GCC_SYMBOLS_PRIVATE_EXTERN = NO;
				GCC_WARN_64_TO_32_BIT_CONVERSION = YES;
				GCC_WARN_ABOUT_RETURN_TYPE = YES_ERROR;
				GCC_WARN_UNDECLARED_SELECTOR = YES;
				GCC_WARN_UNINITIALIZED_AUTOS = YES_AGGRESSIVE;
				GCC_WARN_UNUSED_FUNCTION = YES;
				GCC_WARN_UNUSED_VARIABLE = YES;
				MACOSX_DEPLOYMENT_TARGET = 10.10;
				MTL_ENABLE_DEBUG_INFO = YES;
				ONLY_ACTIVE_ARCH = YES;
				SDKROOT = macosx;
				SWIFT_OPTIMIZATION_LEVEL = "-Onone";
			};
			name = Debug;
		};
		D2EC3B1A1AF67AD0001A8F14 /* Release */ = {
			isa = XCBuildConfiguration;
			buildSettings = {
				ALWAYS_SEARCH_USER_PATHS = NO;
				CLANG_CXX_LANGUAGE_STANDARD = "gnu++0x";
				CLANG_CXX_LIBRARY = "libc++";
				CLANG_ENABLE_MODULES = YES;
				CLANG_ENABLE_OBJC_ARC = YES;
				CLANG_WARN_BOOL_CONVERSION = YES;
				CLANG_WARN_CONSTANT_CONVERSION = YES;
				CLANG_WARN_DIRECT_OBJC_ISA_USAGE = YES_ERROR;
				CLANG_WARN_EMPTY_BODY = YES;
				CLANG_WARN_ENUM_CONVERSION = YES;
				CLANG_WARN_INT_CONVERSION = YES;
				CLANG_WARN_OBJC_ROOT_CLASS = YES_ERROR;
				CLANG_WARN_UNREACHABLE_CODE = YES;
				CLANG_WARN__DUPLICATE_METHOD_MATCH = YES;
				CODE_SIGN_IDENTITY = "-";
				COPY_PHASE_STRIP = NO;
				DEBUG_INFORMATION_FORMAT = "dwarf-with-dsym";
				ENABLE_NS_ASSERTIONS = NO;
				ENABLE_STRICT_OBJC_MSGSEND = YES;
				GCC_C_LANGUAGE_STANDARD = gnu99;
				GCC_NO_COMMON_BLOCKS = YES;
				GCC_WARN_64_TO_32_BIT_CONVERSION = YES;
				GCC_WARN_ABOUT_RETURN_TYPE = YES_ERROR;
				GCC_WARN_UNDECLARED_SELECTOR = YES;
				GCC_WARN_UNINITIALIZED_AUTOS = YES_AGGRESSIVE;
				GCC_WARN_UNUSED_FUNCTION = YES;
				GCC_WARN_UNUSED_VARIABLE = YES;
				MACOSX_DEPLOYMENT_TARGET = 10.10;
				MTL_ENABLE_DEBUG_INFO = NO;
				SDKROOT = macosx;
			};
			name = Release;
		};
		D2EC3B1C1AF67AD0001A8F14 /* Debug */ = {
			isa = XCBuildConfiguration;
			buildSettings = {
				ASSETCATALOG_COMPILER_APPICON_NAME = AppIcon;
				COMBINE_HIDPI_IMAGES = YES;
				INFOPLIST_FILE = MacMenubarApp/Info.plist;
				LD_RUNPATH_SEARCH_PATHS = "$(inherited) @executable_path/../Frameworks";
				PRODUCT_NAME = "$(TARGET_NAME)";
			};
			name = Debug;
		};
		D2EC3B1D1AF67AD0001A8F14 /* Release */ = {
			isa = XCBuildConfiguration;
			buildSettings = {
				ASSETCATALOG_COMPILER_APPICON_NAME = AppIcon;
				COMBINE_HIDPI_IMAGES = YES;
				INFOPLIST_FILE = MacMenubarApp/Info.plist;
				LD_RUNPATH_SEARCH_PATHS = "$(inherited) @executable_path/../Frameworks";
				PRODUCT_NAME = "$(TARGET_NAME)";
			};
			name = Release;
		};
		D2EC3B1F1AF67AD0001A8F14 /* Debug */ = {
			isa = XCBuildConfiguration;
			buildSettings = {
				BUNDLE_LOADER = "$(TEST_HOST)";
				COMBINE_HIDPI_IMAGES = YES;
				FRAMEWORK_SEARCH_PATHS = (
					"$(DEVELOPER_FRAMEWORKS_DIR)",
					"$(inherited)",
				);
				GCC_PREPROCESSOR_DEFINITIONS = (
					"DEBUG=1",
					"$(inherited)",
				);
				INFOPLIST_FILE = MacMenubarAppTests/Info.plist;
				LD_RUNPATH_SEARCH_PATHS = "$(inherited) @executable_path/../Frameworks @loader_path/../Frameworks";
				PRODUCT_NAME = "$(TARGET_NAME)";
				TEST_HOST = "$(BUILT_PRODUCTS_DIR)/MacMenubarApp.app/Contents/MacOS/MacMenubarApp";
			};
			name = Debug;
		};
		D2EC3B201AF67AD0001A8F14 /* Release */ = {
			isa = XCBuildConfiguration;
			buildSettings = {
				BUNDLE_LOADER = "$(TEST_HOST)";
				COMBINE_HIDPI_IMAGES = YES;
				FRAMEWORK_SEARCH_PATHS = (
					"$(DEVELOPER_FRAMEWORKS_DIR)",
					"$(inherited)",
				);
				INFOPLIST_FILE = MacMenubarAppTests/Info.plist;
				LD_RUNPATH_SEARCH_PATHS = "$(inherited) @executable_path/../Frameworks @loader_path/../Frameworks";
				PRODUCT_NAME = "$(TARGET_NAME)";
				TEST_HOST = "$(BUILT_PRODUCTS_DIR)/MacMenubarApp.app/Contents/MacOS/MacMenubarApp";
			};
			name = Release;
		};
/* End XCBuildConfiguration section */

/* Begin XCConfigurationList section */
		D2EC3AFC1AF67AD0001A8F14 /* Build configuration list for PBXProject "MacMenubarApp" */ = {
			isa = XCConfigurationList;
			buildConfigurations = (
				D2EC3B191AF67AD0001A8F14 /* Debug */,
				D2EC3B1A1AF67AD0001A8F14 /* Release */,
			);
			defaultConfigurationIsVisible = 0;
			defaultConfigurationName = Release;
		};
		D2EC3B1B1AF67AD0001A8F14 /* Build configuration list for PBXNativeTarget "MacMenubarApp" */ = {
			isa = XCConfigurationList;
			buildConfigurations = (
				D2EC3B1C1AF67AD0001A8F14 /* Debug */,
				D2EC3B1D1AF67AD0001A8F14 /* Release */,
			);
			defaultConfigurationIsVisible = 0;
		};
		D2EC3B1E1AF67AD0001A8F14 /* Build configuration list for PBXNativeTarget "MacMenubarAppTests" */ = {
			isa = XCConfigurationList;
			buildConfigurations = (
				D2EC3B1F1AF67AD0001A8F14 /* Debug */,
				D2EC3B201AF67AD0001A8F14 /* Release */,
			);
			defaultConfigurationIsVisible = 0;
		};
/* End XCConfigurationList section */
	};
	rootObject = D2EC3AF91AF67AD0001A8F14 /* Project object */;
}
